lockVersion: 2.0.0
id: 6f0105da-a1cc-400b-9019-2c40814e5b23
management:
  docChecksum: b2dad817770054f6086632ae8ac05e3e
  docVersion: 1.0.0
  speakeasyVersion: 1.345.1
  generationVersion: 2.378.1
  releaseVersion: 0.1.0
  configChecksum: f0cfa13ea604dc0dcfa178e08e4a7571
features:
  typescript:
    acceptHeaders: 2.81.2
    additionalDependencies: 0.1.0
    constsAndDefaults: 0.1.5
    core: 3.11.8
    defaultEnabledRetries: 0.1.0
    devContainers: 2.90.0
    downloadStreams: 0.1.1
    flattening: 2.81.1
    globalSecurity: 2.82.9
    globalSecurityCallbacks: 0.1.0
    globalSecurityFlattening: 0.1.0
    globalServerURLs: 2.82.4
    groups: 2.81.2
    nameOverrides: 2.81.2
    responseFormat: 0.2.3
    retries: 2.83.0
    sdkHooks: 0.1.0
    unions: 2.85.6
generatedFiles:
  - src/sdk/tables.ts
  - src/sdk/data.ts
  - src/sdk/heath.ts
  - src/sdk/version.ts
  - src/sdk/ai.ts
  - src/sdk/sdk.ts
  - .eslintrc.cjs
  - .npmignore
  - RUNTIMES.md
  - jsr.json
  - package.json
  - src/index.ts
  - src/lib/base64.ts
  - src/lib/config.ts
  - src/lib/encodings.ts
  - src/lib/http.ts
  - src/lib/is-plain-object.ts
  - src/lib/primitives.ts
  - src/lib/retries.ts
  - src/lib/schemas.ts
  - src/lib/sdks.ts
  - src/lib/security.ts
  - src/lib/url.ts
  - src/sdk/index.ts
  - src/models/errors/sdkerror.ts
  - src/models/errors/sdkvalidationerror.ts
  - src/types/blobs.ts
  - src/types/enums.ts
  - src/types/index.ts
  - src/types/operations.ts
  - src/types/rfcdate.ts
  - tsconfig.json
  - src/models/components/insertrequestbody.ts
  - src/models/components/rcresponse.ts
  - src/models/components/rcheader.ts
  - src/models/components/searchquery.ts
  - src/models/components/hybridsearchquery.ts
  - src/models/components/flatindex.ts
  - src/models/components/distancemetric.ts
  - src/models/components/hnswindex.ts
  - src/models/components/ivfindex.ts
  - src/models/components/ivfpqindex.ts
  - src/models/components/canonicalquery.ts
  - src/models/components/security.ts
  - src/models/operations/kdbaitrainraw.ts
  - src/models/operations/kdbaitrainjson.ts
  - src/models/operations/kdbaitablelist.ts
  - src/models/operations/kdbaitablemeta.ts
  - src/models/operations/kdbaitabledelete.ts
  - src/models/operations/kdbaitablecreate.ts
  - src/models/operations/kdbaiquery.ts
  - src/models/errors/kdbaitabledelete.ts
  - src/models/errors/kdbaitablecreate.ts
  - src/models/errors/index.ts
  - src/models/components/index.ts
  - src/models/operations/index.ts
  - docs/models/components/rows.md
  - docs/models/components/insertrequestbody.md
  - docs/models/components/payload.md
  - docs/models/components/rcresponse.md
  - docs/models/components/rcheader.md
  - docs/models/components/searchquery.md
  - docs/models/components/sparsevectors.md
  - docs/models/components/denseindexoptions.md
  - docs/models/components/sparseindexoptions.md
  - docs/models/components/hybridsearchquery.md
  - docs/models/components/type.md
  - docs/models/components/flatindex.md
  - docs/models/components/distancemetric.md
  - docs/models/components/hnswindextype.md
  - docs/models/components/hnswindex.md
  - docs/models/components/ivfindextype.md
  - docs/models/components/ivfindex.md
  - docs/models/components/ivfpqindextype.md
  - docs/models/components/ivfpqindex.md
  - docs/models/components/canonicalquery.md
  - docs/models/components/security.md
  - docs/models/operations/kdbaitrainrawresponse.md
  - docs/models/operations/kdbaitrainjsonresponse.md
  - docs/models/operations/kdbaitablelistvectorindex.md
  - docs/models/operations/kdbaitablelistcolumns.md
  - docs/models/operations/trade.md
  - docs/models/operations/kdbaitablemetarequest.md
  - docs/models/operations/kdbaitablemetaresponsebody.md
  - docs/models/operations/kdbaitabledeleterequest.md
  - docs/models/operations/kdbaitabledeleteresponsebody.md
  - docs/models/operations/vectorindex.md
  - docs/models/operations/columns.md
  - docs/models/operations/kdbaitablecreaterequestbody.md
  - docs/models/operations/kdbaitablecreaterequest.md
  - docs/models/operations/kdbaitablecreateresponsebody.md
  - docs/models/operations/kdbaiqueryresponse.md
  - docs/models/errors/kdbaitabledeleteaitablesresponsebody.md
  - docs/models/errors/kdbaitabledeleteresponsebody.md
  - docs/models/errors/kdbaitablecreateresponsebody.md
  - docs/sdks/kx/README.md
  - docs/lib/utils/retryconfig.md
  - docs/sdks/ai/README.md
  - docs/sdks/tables/README.md
  - docs/sdks/data/README.md
  - docs/sdks/heath/README.md
  - docs/sdks/version/README.md
  - USAGE.md
  - .gitattributes
  - .devcontainer/README.md
  - .devcontainer/devcontainer.json
  - .devcontainer/setup.sh
  - src/hooks/hooks.ts
  - src/hooks/types.ts
  - src/hooks/index.ts
  - CONTRIBUTING.md
