speakeasyVersion: 1.345.1
sources:
    kx-OAS:
        sourceNamespace: kx-oas
        sourceRevisionDigest: sha256:62fadc22ad0331f969c9fed27d9f3347c2bd645560c3cde432712ed89693f3ef
        sourceBlobDigest: sha256:f93986dbb46142d558324987bed7b7407a1659dde20ac6c61046039603400c05
        tags:
            - latest
targets:
    kx:
        source: kx-OAS
        sourceNamespace: kx-oas
        sourceRevisionDigest: sha256:62fadc22ad0331f969c9fed27d9f3347c2bd645560c3cde432712ed89693f3ef
        sourceBlobDigest: sha256:f93986dbb46142d558324987bed7b7407a1659dde20ac6c61046039603400c05
        outLocation: /Users/ndimares/speakeasy/client_sdks/kx/kx-typescript
workflow:
    workflowVersion: 1.0.0
    sources:
        kx-OAS:
            inputs:
                - location: ./openapi.yaml
            overlays:
                - location: ./overlay.yaml
            registry:
                location: registry.speakeasyapi.dev/speakeasy-bar-test/speakeasy-bar-test/kx-oas
    targets:
        kx:
            target: typescript
            source: kx-OAS
