speakeasyVersion: 1.345.4
sources:
    kx-OAS:
        sourceNamespace: kx-oas
        sourceRevisionDigest: sha256:2f9d60774385fe82f6fa79f5331f206f5debf00cce4ae715cad690fe6440450e
        sourceBlobDigest: sha256:f184d991c957b675dcf8c2efdf72498c513116878d27dd5dbe3d189972562671
        tags:
            - latest
targets:
    kx:
        source: kx-OAS
        sourceNamespace: kx-oas
        sourceRevisionDigest: sha256:2f9d60774385fe82f6fa79f5331f206f5debf00cce4ae715cad690fe6440450e
        sourceBlobDigest: sha256:f184d991c957b675dcf8c2efdf72498c513116878d27dd5dbe3d189972562671
        outLocation: /Users/sagar/go/src/kx-typescript
workflow:
    workflowVersion: 1.0.0
    speakeasyVersion: latest
    sources:
        kx-OAS:
            inputs:
                - location: ./openapi.yaml
            overlays:
                - location: ./overlay.yaml
            registry:
                location: registry.speakeasyapi.dev/kx/kx/kx-oas
    targets:
        kx:
            target: typescript
            source: kx-OAS
