speakeasyVersion: 1.345.4
sources:
    kx-OAS:
        sourceNamespace: kx-oas
        sourceRevisionDigest: sha256:a01a2b3d4929e88765f3b6e68a908716c7cd3899d426b0cc81cf34ea23b5fffc
        sourceBlobDigest: sha256:104cff04b8c505cb6a92b8340f0cd31905d8bc168e9cf64e6af21da1e53b6dbb
        tags:
            - latest
targets:
    kx:
        source: kx-OAS
        sourceNamespace: kx-oas
        sourceRevisionDigest: sha256:a01a2b3d4929e88765f3b6e68a908716c7cd3899d426b0cc81cf34ea23b5fffc
        sourceBlobDigest: sha256:104cff04b8c505cb6a92b8340f0cd31905d8bc168e9cf64e6af21da1e53b6dbb
        outLocation: /Users/sagar/go/src/kx-typescript
workflow:
    workflowVersion: 1.0.0
    speakeasyVersion: latest
    sources:
        kx-OAS:
            inputs:
                - location: ./openapi.yaml
            overlays:
                - location: ./overlay.yaml
            registry:
                location: registry.speakeasyapi.dev/kx/kx/kx-oas
    targets:
        kx:
            target: typescript
            source: kx-OAS
